
Microsoft Visual Studio Solution File, Format Version 12.00
# Visual Studio 15
VisualStudioVersion = 15.0.27004.2002
MinimumVisualStudioVersion = 10.0.40219.1
Project("{8BC9CEB8-8B4A-11D0-8D11-00A0C91BC942}") = "shutdownll", "shutdownll.vcxproj", "{B8EFFD7C-46A5-44DF-9110-7FA404CB9DEE}"
EndProject
Global
	GlobalSection(SolutionConfigurationPlatforms) = preSolution
		Debug|x64 = Debug|x64
		Debug|x86 = Debug|x86
		Release|x64 = Release|x64
		Release|x86 = Release|x86
	EndGlobalSection
	GlobalSection(ProjectConfigurationPlatforms) = postSolution
		{B8EFFD7C-46A5-44DF-9110-7FA404CB9DEE}.Debug|x64.ActiveCfg = Debug|x64
		{B8EFFD7C-46A5-44DF-9110-7FA404CB9DEE}.Debug|x64.Build.0 = Debug|x64
		{B8EFFD7C-46A5-44DF-9110-7FA404CB9DEE}.Debug|x86.ActiveCfg = Debug|Win32
		{B8EFFD7C-46A5-44DF-9110-7FA404CB9DEE}.Debug|x86.Build.0 = Debug|Win32
		{B8EFFD7C-46A5-44DF-9110-7FA404CB9DEE}.Release|x64.ActiveCfg = Release|x64
		{B8EFFD7C-46A5-44DF-9110-7FA404CB9DEE}.Release|x64.Build.0 = Release|x64
		{B8EFFD7C-46A5-44DF-9110-7FA404CB9DEE}.Release|x86.ActiveCfg = Release|Win32
		{B8EFFD7C-46A5-44DF-9110-7FA404CB9DEE}.Release|x86.Build.0 = Release|Win32
	EndGlobalSection
	GlobalSection(SolutionProperties) = preSolution
		HideSolutionNode = FALSE
	EndGlobalSection
	GlobalSection(ExtensibilityGlobals) = postSolution
		SolutionGuid = {E6309FF0-E1EF-4A6E-BB7A-F8ED2806AACB}
	EndGlobalSection
EndGlobal
